
Microsoft Visual Studio Solution File, Format Version 12.00
# Visual Studio Version 16
VisualStudioVersion = 16.0.29519.181
MinimumVisualStudioVersion = 10.0.40219.1
Project("{FAE04EC0-301F-11D3-BF4B-00C04F79EFBC}") = "WPFMailSender", "WPFMailSender\WPFMailSender.csproj", "{EEFC7CD2-6DF8-4A26-85DA-A91CCBB92E83}"
EndProject
Global
	GlobalSection(SolutionConfigurationPlatforms) = preSolution
		Debug|Any CPU = Debug|Any CPU
		Release|Any CPU = Release|Any CPU
	EndGlobalSection
	GlobalSection(ProjectConfigurationPlatforms) = postSolution
		{EEFC7CD2-6DF8-4A26-85DA-A91CCBB92E83}.Debug|Any CPU.ActiveCfg = Debug|Any CPU
		{EEFC7CD2-6DF8-4A26-85DA-A91CCBB92E83}.Debug|Any CPU.Build.0 = Debug|Any CPU
		{EEFC7CD2-6DF8-4A26-85DA-A91CCBB92E83}.Release|Any CPU.ActiveCfg = Release|Any CPU
		{EEFC7CD2-6DF8-4A26-85DA-A91CCBB92E83}.Release|Any CPU.Build.0 = Release|Any CPU
	EndGlobalSection
	GlobalSection(SolutionProperties) = preSolution
		HideSolutionNode = FALSE
	EndGlobalSection
	GlobalSection(ExtensibilityGlobals) = postSolution
		SolutionGuid = {9BA1F8E1-3DB0-489E-8EFF-E3C799F5A09D}
	EndGlobalSection
EndGlobal
